
Microsoft Visual Studio Solution File, Format Version 12.00
# Visual Studio Version 17
VisualStudioVersion = 17.9.34723.18
MinimumVisualStudioVersion = 10.0.40219.1
Project("{54A90642-561A-4BB1-A94E-469ADEE60C69}") = "reactproject1", "reactproject1\reactproject1.esproj", "{4BD2F0D9-4DC2-4F59-9C63-9BC2074272AD}"
EndProject
Global
	GlobalSection(SolutionConfigurationPlatforms) = preSolution
		Debug|Any CPU = Debug|Any CPU
		Release|Any CPU = Release|Any CPU
	EndGlobalSection
	GlobalSection(ProjectConfigurationPlatforms) = postSolution
		{4BD2F0D9-4DC2-4F59-9C63-9BC2074272AD}.Debug|Any CPU.ActiveCfg = Debug|Any CPU
		{4BD2F0D9-4DC2-4F59-9C63-9BC2074272AD}.Debug|Any CPU.Build.0 = Debug|Any CPU
		{4BD2F0D9-4DC2-4F59-9C63-9BC2074272AD}.Debug|Any CPU.Deploy.0 = Debug|Any CPU
		{4BD2F0D9-4DC2-4F59-9C63-9BC2074272AD}.Release|Any CPU.ActiveCfg = Release|Any CPU
		{4BD2F0D9-4DC2-4F59-9C63-9BC2074272AD}.Release|Any CPU.Build.0 = Release|Any CPU
		{4BD2F0D9-4DC2-4F59-9C63-9BC2074272AD}.Release|Any CPU.Deploy.0 = Release|Any CPU
	EndGlobalSection
	GlobalSection(SolutionProperties) = preSolution
		HideSolutionNode = FALSE
	EndGlobalSection
	GlobalSection(ExtensibilityGlobals) = postSolution
		SolutionGuid = {DDCDB75F-D1E1-4D62-ADF9-6BF764D98F91}
	EndGlobalSection
EndGlobal
